
Microsoft Visual Studio Solution File, Format Version 12.00
# Visual Studio Version 16
VisualStudioVersion = 16.0.30517.126
MinimumVisualStudioVersion = 10.0.40219.1
Project("{9A19103F-16F7-4668-BE54-9A1E7A4F7556}") = "WorkforceManagerAPI", "WorkforceManagerAPI\WorkforceManagerAPI.csproj", "{47D90B0F-1B36-4EE4-8AAB-07936F5301B8}"
EndProject
Project("{9A19103F-16F7-4668-BE54-9A1E7A4F7556}") = "Domain", "Domain\Domain.csproj", "{1F65C934-077A-48BF-B1B4-7F283F9B0A02}"
EndProject
Global
	GlobalSection(SolutionConfigurationPlatforms) = preSolution
		Debug|Any CPU = Debug|Any CPU
		Release|Any CPU = Release|Any CPU
	EndGlobalSection
	GlobalSection(ProjectConfigurationPlatforms) = postSolution
		{47D90B0F-1B36-4EE4-8AAB-07936F5301B8}.Debug|Any CPU.ActiveCfg = Debug|Any CPU
		{47D90B0F-1B36-4EE4-8AAB-07936F5301B8}.Debug|Any CPU.Build.0 = Debug|Any CPU
		{47D90B0F-1B36-4EE4-8AAB-07936F5301B8}.Release|Any CPU.ActiveCfg = Release|Any CPU
		{47D90B0F-1B36-4EE4-8AAB-07936F5301B8}.Release|Any CPU.Build.0 = Release|Any CPU
		{1F65C934-077A-48BF-B1B4-7F283F9B0A02}.Debug|Any CPU.ActiveCfg = Debug|Any CPU
		{1F65C934-077A-48BF-B1B4-7F283F9B0A02}.Debug|Any CPU.Build.0 = Debug|Any CPU
		{1F65C934-077A-48BF-B1B4-7F283F9B0A02}.Release|Any CPU.ActiveCfg = Release|Any CPU
		{1F65C934-077A-48BF-B1B4-7F283F9B0A02}.Release|Any CPU.Build.0 = Release|Any CPU
	EndGlobalSection
	GlobalSection(SolutionProperties) = preSolution
		HideSolutionNode = FALSE
	EndGlobalSection
	GlobalSection(ExtensibilityGlobals) = postSolution
		SolutionGuid = {60F611F7-9D58-4946-A03A-7488F9CA23D2}
	EndGlobalSection
EndGlobal
